
Microsoft Visual Studio Solution File, Format Version 12.00
# Visual Studio Version 17
VisualStudioVersion = 17.7.34031.279
MinimumVisualStudioVersion = 10.0.40219.1
Project("{FAE04EC0-301F-11D3-BF4B-00C04F79EFBC}") = "ElevatorControlSystem", "ElevatorControlSystem.csproj", "{3898899B-61B7-4DA0-962C-B13C7159975D}"
EndProject
Global
	GlobalSection(SolutionConfigurationPlatforms) = preSolution
		Debug|Any CPU = Debug|Any CPU
		Release|Any CPU = Release|Any CPU
	EndGlobalSection
	GlobalSection(ProjectConfigurationPlatforms) = postSolution
		{3898899B-61B7-4DA0-962C-B13C7159975D}.Debug|Any CPU.ActiveCfg = Debug|Any CPU
		{3898899B-61B7-4DA0-962C-B13C7159975D}.Debug|Any CPU.Build.0 = Debug|Any CPU
		{3898899B-61B7-4DA0-962C-B13C7159975D}.Release|Any CPU.ActiveCfg = Release|Any CPU
		{3898899B-61B7-4DA0-962C-B13C7159975D}.Release|Any CPU.Build.0 = Release|Any CPU
	EndGlobalSection
	GlobalSection(SolutionProperties) = preSolution
		HideSolutionNode = FALSE
	EndGlobalSection
	GlobalSection(ExtensibilityGlobals) = postSolution
		SolutionGuid = {794CD661-BF08-43BC-A016-BB540F672349}
	EndGlobalSection
EndGlobal
